
Microsoft Visual Studio Solution File, Format Version 12.00
# Visual Studio Version 16
VisualStudioVersion = 16.0.30413.136
MinimumVisualStudioVersion = 10.0.40219.1
Project("{9A19103F-16F7-4668-BE54-9A1E7A4F7556}") = "ProducerPipelinePoc", "ProducerPipelinePoc\ProducerPipelinePoc.csproj", "{E3E107F3-DA5A-4003-AEF8-7A71EC9CC3C8}"
EndProject
Project("{9A19103F-16F7-4668-BE54-9A1E7A4F7556}") = "EventbusPoc", "EventbusPoc\EventbusPoc.csproj", "{6E7B28EA-5FD4-4450-B125-42DAEC8C96A1}"
EndProject
Project("{FAE04EC0-301F-11D3-BF4B-00C04F79EFBC}") = "DecoratorPoc", "DecoratorPoc\DecoratorPoc.csproj", "{4FEA5D14-D253-4E8A-890F-5BDC128A8B8D}"
EndProject
Global
	GlobalSection(SolutionConfigurationPlatforms) = preSolution
		Debug|Any CPU = Debug|Any CPU
		Release|Any CPU = Release|Any CPU
	EndGlobalSection
	GlobalSection(ProjectConfigurationPlatforms) = postSolution
		{E3E107F3-DA5A-4003-AEF8-7A71EC9CC3C8}.Debug|Any CPU.ActiveCfg = Debug|Any CPU
		{E3E107F3-DA5A-4003-AEF8-7A71EC9CC3C8}.Debug|Any CPU.Build.0 = Debug|Any CPU
		{E3E107F3-DA5A-4003-AEF8-7A71EC9CC3C8}.Release|Any CPU.ActiveCfg = Release|Any CPU
		{E3E107F3-DA5A-4003-AEF8-7A71EC9CC3C8}.Release|Any CPU.Build.0 = Release|Any CPU
		{6E7B28EA-5FD4-4450-B125-42DAEC8C96A1}.Debug|Any CPU.ActiveCfg = Debug|Any CPU
		{6E7B28EA-5FD4-4450-B125-42DAEC8C96A1}.Debug|Any CPU.Build.0 = Debug|Any CPU
		{6E7B28EA-5FD4-4450-B125-42DAEC8C96A1}.Release|Any CPU.ActiveCfg = Release|Any CPU
		{6E7B28EA-5FD4-4450-B125-42DAEC8C96A1}.Release|Any CPU.Build.0 = Release|Any CPU
		{4FEA5D14-D253-4E8A-890F-5BDC128A8B8D}.Debug|Any CPU.ActiveCfg = Debug|Any CPU
		{4FEA5D14-D253-4E8A-890F-5BDC128A8B8D}.Debug|Any CPU.Build.0 = Debug|Any CPU
		{4FEA5D14-D253-4E8A-890F-5BDC128A8B8D}.Release|Any CPU.ActiveCfg = Release|Any CPU
		{4FEA5D14-D253-4E8A-890F-5BDC128A8B8D}.Release|Any CPU.Build.0 = Release|Any CPU
	EndGlobalSection
	GlobalSection(SolutionProperties) = preSolution
		HideSolutionNode = FALSE
	EndGlobalSection
	GlobalSection(ExtensibilityGlobals) = postSolution
		SolutionGuid = {B9C8D079-E1FD-4968-B473-D4920212158C}
	EndGlobalSection
EndGlobal
